// !$*UTF8*$!
{
	archiveVersion = 1;
	classes = {
	};
	objectVersion = 46;
	objects = {

/* Begin PBXBuildFile section */
		4B43DE881DAF50A400B5891E /* newTaskPageButtons.swift in Sources */ = {isa = PBXBuildFile; fileRef = 4B43DE871DAF50A400B5891E /* newTaskPageButtons.swift */; };
		4B43DE8A1DB0295600B5891E /* roundCornerDatePicker.swift in Sources */ = {isa = PBXBuildFile; fileRef = 4B43DE891DB0295600B5891E /* roundCornerDatePicker.swift */; };
		4B43DE8C1DB057E300B5891E /* RoundTextView.swift in Sources */ = {isa = PBXBuildFile; fileRef = 4B43DE8B1DB057E300B5891E /* RoundTextView.swift */; };
		4B69E6181DB45884000D3901 /* ErrorCodeDictionary.swift in Sources */ = {isa = PBXBuildFile; fileRef = 4B69E6171DB45884000D3901 /* ErrorCodeDictionary.swift */; };
		4B69E61A1DB4629F000D3901 /* CustomTask.swift in Sources */ = {isa = PBXBuildFile; fileRef = 4B69E6191DB4629F000D3901 /* CustomTask.swift */; };
		4B69E61D1DB5EA4D000D3901 /* CoreData.framework in Frameworks */ = {isa = PBXBuildFile; fileRef = 4B69E61C1DB5EA4D000D3901 /* CoreData.framework */; };
		4B69E6211DB5EA96000D3901 /* CoreData.xcdatamodeld in Sources */ = {isa = PBXBuildFile; fileRef = 4B69E61F1DB5EA96000D3901 /* CoreData.xcdatamodeld */; };
		4B94B4DD1DAD81D80035BCE8 /* addNewTaskViewController.swift in Sources */ = {isa = PBXBuildFile; fileRef = 4B94B4DC1DAD81D80035BCE8 /* addNewTaskViewController.swift */; };
		4B94B4DF1DAEC29E0035BCE8 /* AboutPageViewController.swift in Sources */ = {isa = PBXBuildFile; fileRef = 4B94B4DE1DAEC29E0035BCE8 /* AboutPageViewController.swift */; };
		4BD78F341DAC9CFD00D6D873 /* AppDelegate.swift in Sources */ = {isa = PBXBuildFile; fileRef = 4BD78F331DAC9CFD00D6D873 /* AppDelegate.swift */; };
		4BD78F391DAC9CFD00D6D873 /* Main.storyboard in Resources */ = {isa = PBXBuildFile; fileRef = 4BD78F371DAC9CFD00D6D873 /* Main.storyboard */; };
		4BD78F3B1DAC9CFD00D6D873 /* Assets.xcassets in Resources */ = {isa = PBXBuildFile; fileRef = 4BD78F3A1DAC9CFD00D6D873 /* Assets.xcassets */; };
		4BD78F3E1DAC9CFD00D6D873 /* LaunchScreen.storyboard in Resources */ = {isa = PBXBuildFile; fileRef = 4BD78F3C1DAC9CFD00D6D873 /* LaunchScreen.storyboard */; };
		4BD78F4A1DACA10D00D6D873 /* MainScreenViewController.swift in Sources */ = {isa = PBXBuildFile; fileRef = 4BD78F491DACA10D00D6D873 /* MainScreenViewController.swift */; };
/* End PBXBuildFile section */

/* Begin PBXFileReference section */
		4B43DE871DAF50A400B5891E /* newTaskPageButtons.swift */ = {isa = PBXFileReference; fileEncoding = 4; lastKnownFileType = sourcecode.swift; path = newTaskPageButtons.swift; sourceTree = "<group>"; };
		4B43DE891DB0295600B5891E /* roundCornerDatePicker.swift */ = {isa = PBXFileReference; fileEncoding = 4; lastKnownFileType = sourcecode.swift; path = roundCornerDatePicker.swift; sourceTree = "<group>"; };
		4B43DE8B1DB057E300B5891E /* RoundTextView.swift */ = {isa = PBXFileReference; fileEncoding = 4; lastKnownFileType = sourcecode.swift; path = RoundTextView.swift; sourceTree = "<group>"; };
		4B69E6171DB45884000D3901 /* ErrorCodeDictionary.swift */ = {isa = PBXFileReference; fileEncoding = 4; lastKnownFileType = sourcecode.swift; path = ErrorCodeDictionary.swift; sourceTree = "<group>"; };
		4B69E6191DB4629F000D3901 /* CustomTask.swift */ = {isa = PBXFileReference; fileEncoding = 4; lastKnownFileType = sourcecode.swift; path = CustomTask.swift; sourceTree = "<group>"; };
		4B69E61C1DB5EA4D000D3901 /* CoreData.framework */ = {isa = PBXFileReference; lastKnownFileType = wrapper.framework; name = CoreData.framework; path = System/Library/Frameworks/CoreData.framework; sourceTree = SDKROOT; };
		4B69E6201DB5EA96000D3901 /* CoreData.xcdatamodel */ = {isa = PBXFileReference; lastKnownFileType = wrapper.xcdatamodel; path = CoreData.xcdatamodel; sourceTree = "<group>"; };
		4B94B4DC1DAD81D80035BCE8 /* addNewTaskViewController.swift */ = {isa = PBXFileReference; fileEncoding = 4; lastKnownFileType = sourcecode.swift; path = addNewTaskViewController.swift; sourceTree = "<group>"; };
		4B94B4DE1DAEC29E0035BCE8 /* AboutPageViewController.swift */ = {isa = PBXFileReference; fileEncoding = 4; lastKnownFileType = sourcecode.swift; path = AboutPageViewController.swift; sourceTree = "<group>"; };
		4BD78F301DAC9CFD00D6D873 /* Task.app */ = {isa = PBXFileReference; explicitFileType = wrapper.application; includeInIndex = 0; path = Task.app; sourceTree = BUILT_PRODUCTS_DIR; };
		4BD78F331DAC9CFD00D6D873 /* AppDelegate.swift */ = {isa = PBXFileReference; lastKnownFileType = sourcecode.swift; path = AppDelegate.swift; sourceTree = "<group>"; };
		4BD78F381DAC9CFD00D6D873 /* Base */ = {isa = PBXFileReference; lastKnownFileType = file.storyboard; name = Base; path = Base.lproj/Main.storyboard; sourceTree = "<group>"; };
		4BD78F3A1DAC9CFD00D6D873 /* Assets.xcassets */ = {isa = PBXFileReference; lastKnownFileType = folder.assetcatalog; path = Assets.xcassets; sourceTree = "<group>"; };
		4BD78F3D1DAC9CFD00D6D873 /* Base */ = {isa = PBXFileReference; lastKnownFileType = file.storyboard; name = Base; path = Base.lproj/LaunchScreen.storyboard; sourceTree = "<group>"; };
		4BD78F3F1DAC9CFD00D6D873 /* Info.plist */ = {isa = PBXFileReference; lastKnownFileType = text.plist.xml; path = Info.plist; sourceTree = "<group>"; };
		4BD78F491DACA10D00D6D873 /* MainScreenViewController.swift */ = {isa = PBXFileReference; fileEncoding = 4; lastKnownFileType = sourcecode.swift; path = MainScreenViewController.swift; sourceTree = "<group>"; };
/* End PBXFileReference section */

/* Begin PBXFrameworksBuildPhase section */
		4BD78F2D1DAC9CFD00D6D873 /* Frameworks */ = {
			isa = PBXFrameworksBuildPhase;
			buildActionMask = 2147483647;
			files = (
				4B69E61D1DB5EA4D000D3901 /* CoreData.framework in Frameworks */,
			);
			runOnlyForDeploymentPostprocessing = 0;
		};
/* End PBXFrameworksBuildPhase section */

/* Begin PBXGroup section */
		4B69E61B1DB5EA4C000D3901 /* Frameworks */ = {
			isa = PBXGroup;
			children = (
				4B69E61C1DB5EA4D000D3901 /* CoreData.framework */,
			);
			name = Frameworks;
			sourceTree = "<group>";
		};
		4BD78F271DAC9CFD00D6D873 = {
			isa = PBXGroup;
			children = (
				4BD78F321DAC9CFD00D6D873 /* Task */,
				4BD78F311DAC9CFD00D6D873 /* Products */,
				4B69E61B1DB5EA4C000D3901 /* Frameworks */,
			);
			sourceTree = "<group>";
		};
		4BD78F311DAC9CFD00D6D873 /* Products */ = {
			isa = PBXGroup;
			children = (
				4BD78F301DAC9CFD00D6D873 /* Task.app */,
			);
			name = Products;
			sourceTree = "<group>";
		};
		4BD78F321DAC9CFD00D6D873 /* Task */ = {
			isa = PBXGroup;
			children = (
				4BD78F481DACA0B200D6D873 /* Controllers */,
				4BD78F471DACA0A500D6D873 /* View */,
				4BD78F451DACA09900D6D873 /* Data */,
				4BD78F331DAC9CFD00D6D873 /* AppDelegate.swift */,
				4BD78F3A1DAC9CFD00D6D873 /* Assets.xcassets */,
				4BD78F3F1DAC9CFD00D6D873 /* Info.plist */,
				4B69E61F1DB5EA96000D3901 /* CoreData.xcdatamodeld */,
			);
			path = Task;
			sourceTree = "<group>";
		};
		4BD78F451DACA09900D6D873 /* Data */ = {
			isa = PBXGroup;
			children = (
				4B69E6171DB45884000D3901 /* ErrorCodeDictionary.swift */,
				4B69E6191DB4629F000D3901 /* CustomTask.swift */,
			);
			name = Data;
			sourceTree = "<group>";
		};
		4BD78F471DACA0A500D6D873 /* View */ = {
			isa = PBXGroup;
			children = (
				4B43DE871DAF50A400B5891E /* newTaskPageButtons.swift */,
				4BD78F371DAC9CFD00D6D873 /* Main.storyboard */,
				4BD78F3C1DAC9CFD00D6D873 /* LaunchScreen.storyboard */,
				4B43DE891DB0295600B5891E /* roundCornerDatePicker.swift */,
				4B43DE8B1DB057E300B5891E /* RoundTextView.swift */,
			);
			name = View;
			sourceTree = "<group>";
		};
		4BD78F481DACA0B200D6D873 /* Controllers */ = {
			isa = PBXGroup;
			children = (
				4BD78F491DACA10D00D6D873 /* MainScreenViewController.swift */,
				4B94B4DC1DAD81D80035BCE8 /* addNewTaskViewController.swift */,
				4B94B4DE1DAEC29E0035BCE8 /* AboutPageViewController.swift */,
			);
			name = Controllers;
			sourceTree = "<group>";
		};
/* End PBXGroup section */

/* Begin PBXNativeTarget section */
		4BD78F2F1DAC9CFD00D6D873 /* Task */ = {
			isa = PBXNativeTarget;
			buildConfigurationList = 4BD78F421DAC9CFD00D6D873 /* Build configuration list for PBXNativeTarget "Task" */;
			buildPhases = (
				4BD78F2C1DAC9CFD00D6D873 /* Sources */,
				4BD78F2D1DAC9CFD00D6D873 /* Frameworks */,
				4BD78F2E1DAC9CFD00D6D873 /* Resources */,
			);
			buildRules = (
			);
			dependencies = (
			);
			name = Task;
			productName = Task;
			productReference = 4BD78F301DAC9CFD00D6D873 /* Task.app */;
			productType = "com.apple.product-type.application";
		};
/* End PBXNativeTarget section */

/* Begin PBXProject section */
		4BD78F281DAC9CFD00D6D873 /* Project object */ = {
			isa = PBXProject;
			attributes = {
				LastSwiftUpdateCheck = 0800;
				LastUpgradeCheck = 0800;
				ORGANIZATIONNAME = "Kun Chen";
				TargetAttributes = {
					4BD78F2F1DAC9CFD00D6D873 = {
						CreatedOnToolsVersion = 8.0;
						DevelopmentTeam = YQ8HP2WYA3;
						ProvisioningStyle = Automatic;
					};
				};
			};
			buildConfigurationList = 4BD78F2B1DAC9CFD00D6D873 /* Build configuration list for PBXProject "Task" */;
			compatibilityVersion = "Xcode 3.2";
			developmentRegion = English;
			hasScannedForEncodings = 0;
			knownRegions = (
				en,
				Base,
			);
			mainGroup = 4BD78F271DAC9CFD00D6D873;
			productRefGroup = 4BD78F311DAC9CFD00D6D873 /* Products */;
			projectDirPath = "";
			projectRoot = "";
			targets = (
				4BD78F2F1DAC9CFD00D6D873 /* Task */,
			);
		};
/* End PBXProject section */

/* Begin PBXResourcesBuildPhase section */
		4BD78F2E1DAC9CFD00D6D873 /* Resources */ = {
			isa = PBXResourcesBuildPhase;
			buildActionMask = 2147483647;
			files = (
				4BD78F3E1DAC9CFD00D6D873 /* LaunchScreen.storyboard in Resources */,
				4BD78F3B1DAC9CFD00D6D873 /* Assets.xcassets in Resources */,
				4BD78F391DAC9CFD00D6D873 /* Main.storyboard in Resources */,
			);
			runOnlyForDeploymentPostprocessing = 0;
		};
/* End PBXResourcesBuildPhase section */

/* Begin PBXSourcesBuildPhase section */
		4BD78F2C1DAC9CFD00D6D873 /* Sources */ = {
			isa = PBXSourcesBuildPhase;
			buildActionMask = 2147483647;
			files = (
				4B69E61A1DB4629F000D3901 /* CustomTask.swift in Sources */,
				4B94B4DD1DAD81D80035BCE8 /* addNewTaskViewController.swift in Sources */,
				4B69E6211DB5EA96000D3901 /* CoreData.xcdatamodeld in Sources */,
				4B43DE8A1DB0295600B5891E /* roundCornerDatePicker.swift in Sources */,
				4B43DE8C1DB057E300B5891E /* RoundTextView.swift in Sources */,
				4BD78F341DAC9CFD00D6D873 /* AppDelegate.swift in Sources */,
				4BD78F4A1DACA10D00D6D873 /* MainScreenViewController.swift in Sources */,
				4B43DE881DAF50A400B5891E /* newTaskPageButtons.swift in Sources */,
				4B94B4DF1DAEC29E0035BCE8 /* AboutPageViewController.swift in Sources */,
				4B69E6181DB45884000D3901 /* ErrorCodeDictionary.swift in Sources */,
			);
			runOnlyForDeploymentPostprocessing = 0;
		};
/* End PBXSourcesBuildPhase section */

/* Begin PBXVariantGroup section */
		4BD78F371DAC9CFD00D6D873 /* Main.storyboard */ = {
			isa = PBXVariantGroup;
			children = (
				4BD78F381DAC9CFD00D6D873 /* Base */,
			);
			name = Main.storyboard;
			sourceTree = "<group>";
		};
		4BD78F3C1DAC9CFD00D6D873 /* LaunchScreen.storyboard */ = {
			isa = PBXVariantGroup;
			children = (
				4BD78F3D1DAC9CFD00D6D873 /* Base */,
			);
			name = LaunchScreen.storyboard;
			sourceTree = "<group>";
		};
/* End PBXVariantGroup section */

/* Begin XCBuildConfiguration section */
		4BD78F401DAC9CFD00D6D873 /* Debug */ = {
			isa = XCBuildConfiguration;
			buildSettings = {
				ALWAYS_SEARCH_USER_PATHS = NO;
				CLANG_ANALYZER_NONNULL = YES;
				CLANG_CXX_LANGUAGE_STANDARD = "gnu++0x";
				CLANG_CXX_LIBRARY = "libc++";
				CLANG_ENABLE_MODULES = YES;
				CLANG_ENABLE_OBJC_ARC = YES;
				CLANG_WARN_BOOL_CONVERSION = YES;
				CLANG_WARN_CONSTANT_CONVERSION = YES;
				CLANG_WARN_DIRECT_OBJC_ISA_USAGE = YES_ERROR;
				CLANG_WARN_DOCUMENTATION_COMMENTS = YES;
				CLANG_WARN_EMPTY_BODY = YES;
				CLANG_WARN_ENUM_CONVERSION = YES;
				CLANG_WARN_INFINITE_RECURSION = YES;
				CLANG_WARN_INT_CONVERSION = YES;
				CLANG_WARN_OBJC_ROOT_CLASS = YES_ERROR;
				CLANG_WARN_SUSPICIOUS_MOVES = YES;
				CLANG_WARN_UNREACHABLE_CODE = YES;
				CLANG_WARN__DUPLICATE_METHOD_MATCH = YES;
				"CODE_SIGN_IDENTITY[sdk=iphoneos*]" = "iPhone Developer";
				COPY_PHASE_STRIP = NO;
				DEBUG_INFORMATION_FORMAT = dwarf;
				ENABLE_STRICT_OBJC_MSGSEND = YES;
				ENABLE_TESTABILITY = YES;
				GCC_C_LANGUAGE_STANDARD = gnu99;
				GCC_DYNAMIC_NO_PIC = NO;
				GCC_NO_COMMON_BLOCKS = YES;
				GCC_OPTIMIZATION_LEVEL = 0;
				GCC_PREPROCESSOR_DEFINITIONS = (
					"DEBUG=1",
					"$(inherited)",
				);
				GCC_WARN_64_TO_32_BIT_CONVERSION = YES;
				GCC_WARN_ABOUT_RETURN_TYPE = YES_ERROR;
				GCC_WARN_UNDECLARED_SELECTOR = YES;
				GCC_WARN_UNINITIALIZED_AUTOS = YES_AGGRESSIVE;
				GCC_WARN_UNUSED_FUNCTION = YES;
				GCC_WARN_UNUSED_VARIABLE = YES;
				IPHONEOS_DEPLOYMENT_TARGET = 10.0;
				MTL_ENABLE_DEBUG_INFO = YES;
				ONLY_ACTIVE_ARCH = YES;
				SDKROOT = iphoneos;
				SWIFT_ACTIVE_COMPILATION_CONDITIONS = DEBUG;
				SWIFT_OPTIMIZATION_LEVEL = "-Onone";
			};
			name = Debug;
		};
		4BD78F411DAC9CFD00D6D873 /* Release */ = {
			isa = XCBuildConfiguration;
			buildSettings = {
				ALWAYS_SEARCH_USER_PATHS = NO;
				CLANG_ANALYZER_NONNULL = YES;
				CLANG_CXX_LANGUAGE_STANDARD = "gnu++0x";
				CLANG_CXX_LIBRARY = "libc++";
				CLANG_ENABLE_MODULES = YES;
				CLANG_ENABLE_OBJC_ARC = YES;
				CLANG_WARN_BOOL_CONVERSION = YES;
				CLANG_WARN_CONSTANT_CONVERSION = YES;
				CLANG_WARN_DIRECT_OBJC_ISA_USAGE = YES_ERROR;
				CLANG_WARN_DOCUMENTATION_COMMENTS = YES;
				CLANG_WARN_EMPTY_BODY = YES;
				CLANG_WARN_ENUM_CONVERSION = YES;
				CLANG_WARN_INFINITE_RECURSION = YES;
				CLANG_WARN_INT_CONVERSION = YES;
				CLANG_WARN_OBJC_ROOT_CLASS = YES_ERROR;
				CLANG_WARN_SUSPICIOUS_MOVES = YES;
				CLANG_WARN_UNREACHABLE_CODE = YES;
				CLANG_WARN__DUPLICATE_METHOD_MATCH = YES;
				"CODE_SIGN_IDENTITY[sdk=iphoneos*]" = "iPhone Developer";
				COPY_PHASE_STRIP = NO;
				DEBUG_INFORMATION_FORMAT = "dwarf-with-dsym";
				ENABLE_NS_ASSERTIONS = NO;
				ENABLE_STRICT_OBJC_MSGSEND = YES;
				GCC_C_LANGUAGE_STANDARD = gnu99;
				GCC_NO_COMMON_BLOCKS = YES;
				GCC_WARN_64_TO_32_BIT_CONVERSION = YES;
				GCC_WARN_ABOUT_RETURN_TYPE = YES_ERROR;
				GCC_WARN_UNDECLARED_SELECTOR = YES;
				GCC_WARN_UNINITIALIZED_AUTOS = YES_AGGRESSIVE;
				GCC_WARN_UNUSED_FUNCTION = YES;
				GCC_WARN_UNUSED_VARIABLE = YES;
				IPHONEOS_DEPLOYMENT_TARGET = 10.0;
				MTL_ENABLE_DEBUG_INFO = NO;
				SDKROOT = iphoneos;
				SWIFT_OPTIMIZATION_LEVEL = "-Owholemodule";
				VALIDATE_PRODUCT = YES;
			};
			name = Release;
		};
		4BD78F431DAC9CFD00D6D873 /* Debug */ = {
			isa = XCBuildConfiguration;
			buildSettings = {
				ASSETCATALOG_COMPILER_APPICON_NAME = AppIcon;
				DEVELOPMENT_TEAM = YQ8HP2WYA3;
				INFOPLIST_FILE = Task/Info.plist;
				IPHONEOS_DEPLOYMENT_TARGET = 10.0;
				LD_RUNPATH_SEARCH_PATHS = "$(inherited) @executable_path/Frameworks";
				PRODUCT_BUNDLE_IDENTIFIER = com.KunChen.Task;
				PRODUCT_NAME = "$(TARGET_NAME)";
				SWIFT_VERSION = 3.0;
			};
			name = Debug;
		};
		4BD78F441DAC9CFD00D6D873 /* Release */ = {
			isa = XCBuildConfiguration;
			buildSettings = {
				ASSETCATALOG_COMPILER_APPICON_NAME = AppIcon;
				DEVELOPMENT_TEAM = YQ8HP2WYA3;
				INFOPLIST_FILE = Task/Info.plist;
				IPHONEOS_DEPLOYMENT_TARGET = 10.0;
				LD_RUNPATH_SEARCH_PATHS = "$(inherited) @executable_path/Frameworks";
				PRODUCT_BUNDLE_IDENTIFIER = com.KunChen.Task;
				PRODUCT_NAME = "$(TARGET_NAME)";
				SWIFT_VERSION = 3.0;
			};
			name = Release;
		};
/* End XCBuildConfiguration section */

/* Begin XCConfigurationList section */
		4BD78F2B1DAC9CFD00D6D873 /* Build configuration list for PBXProject "Task" */ = {
			isa = XCConfigurationList;
			buildConfigurations = (
				4BD78F401DAC9CFD00D6D873 /* Debug */,
				4BD78F411DAC9CFD00D6D873 /* Release */,
			);
			defaultConfigurationIsVisible = 0;
			defaultConfigurationName = Release;
		};
		4BD78F421DAC9CFD00D6D873 /* Build configuration list for PBXNativeTarget "Task" */ = {
			isa = XCConfigurationList;
			buildConfigurations = (
				4BD78F431DAC9CFD00D6D873 /* Debug */,
				4BD78F441DAC9CFD00D6D873 /* Release */,
			);
			defaultConfigurationIsVisible = 0;
			defaultConfigurationName = Release;
		};
/* End XCConfigurationList section */

/* Begin XCVersionGroup section */
		4B69E61F1DB5EA96000D3901 /* CoreData.xcdatamodeld */ = {
			isa = XCVersionGroup;
			children = (
				4B69E6201DB5EA96000D3901 /* CoreData.xcdatamodel */,
			);
			currentVersion = 4B69E6201DB5EA96000D3901 /* CoreData.xcdatamodel */;
			path = CoreData.xcdatamodeld;
			sourceTree = "<group>";
			versionGroupType = wrapper.xcdatamodel;
		};
/* End XCVersionGroup section */
	};
	rootObject = 4BD78F281DAC9CFD00D6D873 /* Project object */;
}
